// !$*UTF8*$!
{
	archiveVersion = 1;
	classes = {
	};
	objectVersion = 46;
	objects = {

/* Begin PBXBuildFile section */
		5C8485CF1A31550B00F0D571 /* main.m in Sources */ = {isa = PBXBuildFile; fileRef = 5C8485CE1A31550B00F0D571 /* main.m */; };
		5C8485D21A31550B00F0D571 /* AppDelegate.m in Sources */ = {isa = PBXBuildFile; fileRef = 5C8485D11A31550B00F0D571 /* AppDelegate.m */; };
		5C8485D51A31550B00F0D571 /* ViewController.m in Sources */ = {isa = PBXBuildFile; fileRef = 5C8485D41A31550B00F0D571 /* ViewController.m */; };
		5C8485D81A31550B00F0D571 /* Main.storyboard in Resources */ = {isa = PBXBuildFile; fileRef = 5C8485D61A31550B00F0D571 /* Main.storyboard */; };
		5C8485DA1A31550B00F0D571 /* Images.xcassets in Resources */ = {isa = PBXBuildFile; fileRef = 5C8485D91A31550B00F0D571 /* Images.xcassets */; };
		5C8485DD1A31550B00F0D571 /* LaunchScreen.xib in Resources */ = {isa = PBXBuildFile; fileRef = 5C8485DB1A31550B00F0D571 /* LaunchScreen.xib */; };
		5C8485E91A31550B00F0D571 /* TestTests.m in Sources */ = {isa = PBXBuildFile; fileRef = 5C8485E81A31550B00F0D571 /* TestTests.m */; };
/* End PBXBuildFile section */

/* Begin PBXContainerItemProxy section */
		5C8485E31A31550B00F0D571 /* PBXContainerItemProxy */ = {
			isa = PBXContainerItemProxy;
			containerPortal = 5C8485C11A31550B00F0D571 /* Project object */;
			proxyType = 1;
			remoteGlobalIDString = 5C8485C81A31550B00F0D571;
			remoteInfo = Test;
		};
/* End PBXContainerItemProxy section */

/* Begin PBXFileReference section */
		5C8485C91A31550B00F0D571 /* Test.app */ = {isa = PBXFileReference; explicitFileType = wrapper.application; includeInIndex = 0; path = Test.app; sourceTree = BUILT_PRODUCTS_DIR; };
		5C8485CD1A31550B00F0D571 /* Info.plist */ = {isa = PBXFileReference; lastKnownFileType = text.plist.xml; path = Info.plist; sourceTree = "<group>"; };
		5C8485CE1A31550B00F0D571 /* main.m */ = {isa = PBXFileReference; lastKnownFileType = sourcecode.c.objc; path = main.m; sourceTree = "<group>"; };
		5C8485D01A31550B00F0D571 /* AppDelegate.h */ = {isa = PBXFileReference; lastKnownFileType = sourcecode.c.h; path = AppDelegate.h; sourceTree = "<group>"; };
		5C8485D11A31550B00F0D571 /* AppDelegate.m */ = {isa = PBXFileReference; lastKnownFileType = sourcecode.c.objc; path = AppDelegate.m; sourceTree = "<group>"; };
		5C8485D31A31550B00F0D571 /* ViewController.h */ = {isa = PBXFileReference; lastKnownFileType = sourcecode.c.h; path = ViewController.h; sourceTree = "<group>"; };
		5C8485D41A31550B00F0D571 /* ViewController.m */ = {isa = PBXFileReference; lastKnownFileType = sourcecode.c.objc; path = ViewController.m; sourceTree = "<group>"; };
		5C8485D71A31550B00F0D571 /* Base */ = {isa = PBXFileReference; lastKnownFileType = file.storyboard; name = Base; path = Base.lproj/Main.storyboard; sourceTree = "<group>"; };
		5C8485D91A31550B00F0D571 /* Images.xcassets */ = {isa = PBXFileReference; lastKnownFileType = folder.assetcatalog; path = Images.xcassets; sourceTree = "<group>"; };
		5C8485DC1A31550B00F0D571 /* Base */ = {isa = PBXFileReference; lastKnownFileType = file.xib; name = Base; path = Base.lproj/LaunchScreen.xib; sourceTree = "<group>"; };
		5C8485E21A31550B00F0D571 /* TestTests.xctest */ = {isa = PBXFileReference; explicitFileType = wrapper.cfbundle; includeInIndex = 0; path = TestTests.xctest; sourceTree = BUILT_PRODUCTS_DIR; };
		5C8485E71A31550B00F0D571 /* Info.plist */ = {isa = PBXFileReference; lastKnownFileType = text.plist.xml; path = Info.plist; sourceTree = "<group>"; };
		5C8485E81A31550B00F0D571 /* TestTests.m */ = {isa = PBXFileReference; lastKnownFileType = sourcecode.c.objc; path = TestTests.m; sourceTree = "<group>"; };
/* End PBXFileReference section */

/* Begin PBXFrameworksBuildPhase section */
		5C8485C61A31550B00F0D571 /* Frameworks */ = {
			isa = PBXFrameworksBuildPhase;
			buildActionMask = 2147483647;
			files = (
			);
			runOnlyForDeploymentPostprocessing = 0;
		};
		5C8485DF1A31550B00F0D571 /* Frameworks */ = {
			isa = PBXFrameworksBuildPhase;
			buildActionMask = 2147483647;
			files = (
			);
			runOnlyForDeploymentPostprocessing = 0;
		};
/* End PBXFrameworksBuildPhase section */

/* Begin PBXGroup section */
		5C8485C01A31550B00F0D571 = {
			isa = PBXGroup;
			children = (
				5C8485CB1A31550B00F0D571 /* Test */,
				5C8485E51A31550B00F0D571 /* TestTests */,
				5C8485CA1A31550B00F0D571 /* Products */,
			);
			sourceTree = "<group>";
		};
		5C8485CA1A31550B00F0D571 /* Products */ = {
			isa = PBXGroup;
			children = (
				5C8485C91A31550B00F0D571 /* Test.app */,
				5C8485E21A31550B00F0D571 /* TestTests.xctest */,
			);
			name = Products;
			sourceTree = "<group>";
		};
		5C8485CB1A31550B00F0D571 /* Test */ = {
			isa = PBXGroup;
			children = (
				5C8485D01A31550B00F0D571 /* AppDelegate.h */,
				5C8485D11A31550B00F0D571 /* AppDelegate.m */,
				5C8485D31A31550B00F0D571 /* ViewController.h */,
				5C8485D41A31550B00F0D571 /* ViewController.m */,
				5C8485D61A31550B00F0D571 /* Main.storyboard */,
				5C8485D91A31550B00F0D571 /* Images.xcassets */,
				5C8485DB1A31550B00F0D571 /* LaunchScreen.xib */,
				5C8485CC1A31550B00F0D571 /* Supporting Files */,
			);
			path = Test;
			sourceTree = "<group>";
		};
		5C8485CC1A31550B00F0D571 /* Supporting Files */ = {
			isa = PBXGroup;
			children = (
				5C8485CD1A31550B00F0D571 /* Info.plist */,
				5C8485CE1A31550B00F0D571 /* main.m */,
			);
			name = "Supporting Files";
			sourceTree = "<group>";
		};
		5C8485E51A31550B00F0D571 /* TestTests */ = {
			isa = PBXGroup;
			children = (
				5C8485E81A31550B00F0D571 /* TestTests.m */,
				5C8485E61A31550B00F0D571 /* Supporting Files */,
			);
			path = TestTests;
			sourceTree = "<group>";
		};
		5C8485E61A31550B00F0D571 /* Supporting Files */ = {
			isa = PBXGroup;
			children = (
				5C8485E71A31550B00F0D571 /* Info.plist */,
			);
			name = "Supporting Files";
			sourceTree = "<group>";
		};
/* End PBXGroup section */

/* Begin PBXNativeTarget section */
		5C8485C81A31550B00F0D571 /* Test */ = {
			isa = PBXNativeTarget;
			buildConfigurationList = 5C8485EC1A31550B00F0D571 /* Build configuration list for PBXNativeTarget "Test" */;
			buildPhases = (
				5C8485C51A31550B00F0D571 /* Sources */,
				5C8485C61A31550B00F0D571 /* Frameworks */,
				5C8485C71A31550B00F0D571 /* Resources */,
			);
			buildRules = (
			);
			dependencies = (
			);
			name = Test;
			productName = Test;
			productReference = 5C8485C91A31550B00F0D571 /* Test.app */;
			productType = "com.apple.product-type.application";
		};
		5C8485E11A31550B00F0D571 /* TestTests */ = {
			isa = PBXNativeTarget;
			buildConfigurationList = 5C8485EF1A31550B00F0D571 /* Build configuration list for PBXNativeTarget "TestTests" */;
			buildPhases = (
				5C8485DE1A31550B00F0D571 /* Sources */,
				5C8485DF1A31550B00F0D571 /* Frameworks */,
				5C8485E01A31550B00F0D571 /* Resources */,
			);
			buildRules = (
			);
			dependencies = (
				5C8485E41A31550B00F0D571 /* PBXTargetDependency */,
			);
			name = TestTests;
			productName = TestTests;
			productReference = 5C8485E21A31550B00F0D571 /* TestTests.xctest */;
			productType = "com.apple.product-type.bundle.unit-test";
		};
/* End PBXNativeTarget section */

/* Begin PBXProject section */
		5C8485C11A31550B00F0D571 /* Project object */ = {
			isa = PBXProject;
			attributes = {
				LastUpgradeCheck = 0610;
				ORGANIZATIONNAME = iwind;
				TargetAttributes = {
					5C8485C81A31550B00F0D571 = {
						CreatedOnToolsVersion = 6.1;
					};
					5C8485E11A31550B00F0D571 = {
						CreatedOnToolsVersion = 6.1;
						TestTargetID = 5C8485C81A31550B00F0D571;
					};
				};
			};
			buildConfigurationList = 5C8485C41A31550B00F0D571 /* Build configuration list for PBXProject "Test" */;
			compatibilityVersion = "Xcode 3.2";
			developmentRegion = English;
			hasScannedForEncodings = 0;
			knownRegions = (
				en,
				Base,
			);
			mainGroup = 5C8485C01A31550B00F0D571;
			productRefGroup = 5C8485CA1A31550B00F0D571 /* Products */;
			projectDirPath = "";
			projectRoot = "";
			targets = (
				5C8485C81A31550B00F0D571 /* Test */,
				5C8485E11A31550B00F0D571 /* TestTests */,
			);
		};
/* End PBXProject section */

/* Begin PBXResourcesBuildPhase section */
		5C8485C71A31550B00F0D571 /* Resources */ = {
			isa = PBXResourcesBuildPhase;
			buildActionMask = 2147483647;
			files = (
				5C8485D81A31550B00F0D571 /* Main.storyboard in Resources */,
				5C8485DD1A31550B00F0D571 /* LaunchScreen.xib in Resources */,
				5C8485DA1A31550B00F0D571 /* Images.xcassets in Resources */,
			);
			runOnlyForDeploymentPostprocessing = 0;
		};
		5C8485E01A31550B00F0D571 /* Resources */ = {
			isa = PBXResourcesBuildPhase;
			buildActionMask = 2147483647;
			files = (
			);
			runOnlyForDeploymentPostprocessing = 0;
		};
/* End PBXResourcesBuildPhase section */

/* Begin PBXSourcesBuildPhase section */
		5C8485C51A31550B00F0D571 /* Sources */ = {
			isa = PBXSourcesBuildPhase;
			buildActionMask = 2147483647;
			files = (
				5C8485D51A31550B00F0D571 /* ViewController.m in Sources */,
				5C8485D21A31550B00F0D571 /* AppDelegate.m in Sources */,
				5C8485CF1A31550B00F0D571 /* main.m in Sources */,
			);
			runOnlyForDeploymentPostprocessing = 0;
		};
		5C8485DE1A31550B00F0D571 /* Sources */ = {
			isa = PBXSourcesBuildPhase;
			buildActionMask = 2147483647;
			files = (
				5C8485E91A31550B00F0D571 /* TestTests.m in Sources */,
			);
			runOnlyForDeploymentPostprocessing = 0;
		};
/* End PBXSourcesBuildPhase section */

/* Begin PBXTargetDependency section */
		5C8485E41A31550B00F0D571 /* PBXTargetDependency */ = {
			isa = PBXTargetDependency;
			target = 5C8485C81A31550B00F0D571 /* Test */;
			targetProxy = 5C8485E31A31550B00F0D571 /* PBXContainerItemProxy */;
		};
/* End PBXTargetDependency section */

/* Begin PBXVariantGroup section */
		5C8485D61A31550B00F0D571 /* Main.storyboard */ = {
			isa = PBXVariantGroup;
			children = (
				5C8485D71A31550B00F0D571 /* Base */,
			);
			name = Main.storyboard;
			sourceTree = "<group>";
		};
		5C8485DB1A31550B00F0D571 /* LaunchScreen.xib */ = {
			isa = PBXVariantGroup;
			children = (
				5C8485DC1A31550B00F0D571 /* Base */,
			);
			name = LaunchScreen.xib;
			sourceTree = "<group>";
		};
/* End PBXVariantGroup section */

/* Begin XCBuildConfiguration section */
		5C8485EA1A31550B00F0D571 /* Debug */ = {
			isa = XCBuildConfiguration;
			buildSettings = {
				ALWAYS_SEARCH_USER_PATHS = NO;
				CLANG_CXX_LANGUAGE_STANDARD = "gnu++0x";
				CLANG_CXX_LIBRARY = "libc++";
				CLANG_ENABLE_MODULES = YES;
				CLANG_ENABLE_OBJC_ARC = YES;
				CLANG_WARN_BOOL_CONVERSION = YES;
				CLANG_WARN_CONSTANT_CONVERSION = YES;
				CLANG_WARN_DIRECT_OBJC_ISA_USAGE = YES_ERROR;
				CLANG_WARN_EMPTY_BODY = YES;
				CLANG_WARN_ENUM_CONVERSION = YES;
				CLANG_WARN_INT_CONVERSION = YES;
				CLANG_WARN_OBJC_ROOT_CLASS = YES_ERROR;
				CLANG_WARN_UNREACHABLE_CODE = YES;
				CLANG_WARN__DUPLICATE_METHOD_MATCH = YES;
				"CODE_SIGN_IDENTITY[sdk=iphoneos*]" = "iPhone Developer";
				COPY_PHASE_STRIP = NO;
				ENABLE_STRICT_OBJC_MSGSEND = YES;
				GCC_C_LANGUAGE_STANDARD = gnu99;
				GCC_DYNAMIC_NO_PIC = NO;
				GCC_OPTIMIZATION_LEVEL = 0;
				GCC_PREPROCESSOR_DEFINITIONS = (
					"DEBUG=1",
					"$(inherited)",
				);
				GCC_SYMBOLS_PRIVATE_EXTERN = NO;
				GCC_WARN_64_TO_32_BIT_CONVERSION = YES;
				GCC_WARN_ABOUT_RETURN_TYPE = YES_ERROR;
				GCC_WARN_UNDECLARED_SELECTOR = YES;
				GCC_WARN_UNINITIALIZED_AUTOS = YES_AGGRESSIVE;
				GCC_WARN_UNUSED_FUNCTION = YES;
				GCC_WARN_UNUSED_VARIABLE = YES;
				IPHONEOS_DEPLOYMENT_TARGET = 8.1;
				MTL_ENABLE_DEBUG_INFO = YES;
				ONLY_ACTIVE_ARCH = YES;
				SDKROOT = iphoneos;
			};
			name = Debug;
		};
		5C8485EB1A31550B00F0D571 /* Release */ = {
			isa = XCBuildConfiguration;
			buildSettings = {
				ALWAYS_SEARCH_USER_PATHS = NO;
				CLANG_CXX_LANGUAGE_STANDARD = "gnu++0x";
				CLANG_CXX_LIBRARY = "libc++";
				CLANG_ENABLE_MODULES = YES;
				CLANG_ENABLE_OBJC_ARC = YES;
				CLANG_WARN_BOOL_CONVERSION = YES;
				CLANG_WARN_CONSTANT_CONVERSION = YES;
				CLANG_WARN_DIRECT_OBJC_ISA_USAGE = YES_ERROR;
				CLANG_WARN_EMPTY_BODY = YES;
				CLANG_WARN_ENUM_CONVERSION = YES;
				CLANG_WARN_INT_CONVERSION = YES;
				CLANG_WARN_OBJC_ROOT_CLASS = YES_ERROR;
				CLANG_WARN_UNREACHABLE_CODE = YES;
				CLANG_WARN__DUPLICATE_METHOD_MATCH = YES;
				"CODE_SIGN_IDENTITY[sdk=iphoneos*]" = "iPhone Developer";
				COPY_PHASE_STRIP = YES;
				ENABLE_NS_ASSERTIONS = NO;
				ENABLE_STRICT_OBJC_MSGSEND = YES;
				GCC_C_LANGUAGE_STANDARD = gnu99;
				GCC_WARN_64_TO_32_BIT_CONVERSION = YES;
				GCC_WARN_ABOUT_RETURN_TYPE = YES_ERROR;
				GCC_WARN_UNDECLARED_SELECTOR = YES;
				GCC_WARN_UNINITIALIZED_AUTOS = YES_AGGRESSIVE;
				GCC_WARN_UNUSED_FUNCTION = YES;
				GCC_WARN_UNUSED_VARIABLE = YES;
				IPHONEOS_DEPLOYMENT_TARGET = 8.1;
				MTL_ENABLE_DEBUG_INFO = NO;
				SDKROOT = iphoneos;
				VALIDATE_PRODUCT = YES;
			};
			name = Release;
		};
		5C8485ED1A31550B00F0D571 /* Debug */ = {
			isa = XCBuildConfiguration;
			buildSettings = {
				ASSETCATALOG_COMPILER_APPICON_NAME = AppIcon;
				INFOPLIST_FILE = Test/Info.plist;
				LD_RUNPATH_SEARCH_PATHS = "$(inherited) @executable_path/Frameworks";
				PRODUCT_NAME = "$(TARGET_NAME)";
			};
			name = Debug;
		};
		5C8485EE1A31550B00F0D571 /* Release */ = {
			isa = XCBuildConfiguration;
			buildSettings = {
				ASSETCATALOG_COMPILER_APPICON_NAME = AppIcon;
				INFOPLIST_FILE = Test/Info.plist;
				LD_RUNPATH_SEARCH_PATHS = "$(inherited) @executable_path/Frameworks";
				PRODUCT_NAME = "$(TARGET_NAME)";
			};
			name = Release;
		};
		5C8485F01A31550B00F0D571 /* Debug */ = {
			isa = XCBuildConfiguration;
			buildSettings = {
				BUNDLE_LOADER = "$(TEST_HOST)";
				FRAMEWORK_SEARCH_PATHS = (
					"$(SDKROOT)/Developer/Library/Frameworks",
					"$(inherited)",
				);
				GCC_PREPROCESSOR_DEFINITIONS = (
					"DEBUG=1",
					"$(inherited)",
				);
				INFOPLIST_FILE = TestTests/Info.plist;
				LD_RUNPATH_SEARCH_PATHS = "$(inherited) @executable_path/Frameworks @loader_path/Frameworks";
				PRODUCT_NAME = "$(TARGET_NAME)";
				TEST_HOST = "$(BUILT_PRODUCTS_DIR)/Test.app/Test";
			};
			name = Debug;
		};
		5C8485F11A31550B00F0D571 /* Release */ = {
			isa = XCBuildConfiguration;
			buildSettings = {
				BUNDLE_LOADER = "$(TEST_HOST)";
				FRAMEWORK_SEARCH_PATHS = (
					"$(SDKROOT)/Developer/Library/Frameworks",
					"$(inherited)",
				);
				INFOPLIST_FILE = TestTests/Info.plist;
				LD_RUNPATH_SEARCH_PATHS = "$(inherited) @executable_path/Frameworks @loader_path/Frameworks";
				PRODUCT_NAME = "$(TARGET_NAME)";
				TEST_HOST = "$(BUILT_PRODUCTS_DIR)/Test.app/Test";
			};
			name = Release;
		};
/* End XCBuildConfiguration section */

/* Begin XCConfigurationList section */
		5C8485C41A31550B00F0D571 /* Build configuration list for PBXProject "Test" */ = {
			isa = XCConfigurationList;
			buildConfigurations = (
				5C8485EA1A31550B00F0D571 /* Debug */,
				5C8485EB1A31550B00F0D571 /* Release */,
			);
			defaultConfigurationIsVisible = 0;
			defaultConfigurationName = Release;
		};
		5C8485EC1A31550B00F0D571 /* Build configuration list for PBXNativeTarget "Test" */ = {
			isa = XCConfigurationList;
			buildConfigurations = (
				5C8485ED1A31550B00F0D571 /* Debug */,
				5C8485EE1A31550B00F0D571 /* Release */,
			);
			defaultConfigurationIsVisible = 0;
		};
		5C8485EF1A31550B00F0D571 /* Build configuration list for PBXNativeTarget "TestTests" */ = {
			isa = XCConfigurationList;
			buildConfigurations = (
				5C8485F01A31550B00F0D571 /* Debug */,
				5C8485F11A31550B00F0D571 /* Release */,
			);
			defaultConfigurationIsVisible = 0;
		};
/* End XCConfigurationList section */
	};
	rootObject = 5C8485C11A31550B00F0D571 /* Project object */;
}
